{
  "name": "hi",
  "lockfileVersion": 2,
  "requires": true,
  "packages": {
    "": {
      "dependencies": {
        "canvas2svg": "^1.0.16"
      }
    },
    "node_modules/canvas2svg": {
      "version": "1.0.16",
      "resolved": "https://registry.npmjs.org/canvas2svg/-/canvas2svg-1.0.16.tgz",
      "integrity": "sha512-r3ryHprzDOtAsFuczw+/DKkLR3XexwIlJWnJ+71I9QF7V9scYaV5JZgYDoCUlYtT3ARnOpDcm/hDNZYbWMRHqA=="
    }
  },
  "dependencies": {
    "canvas2svg": {
      "version": "1.0.16",
      "resolved": "https://registry.npmjs.org/canvas2svg/-/canvas2svg-1.0.16.tgz",
      "integrity": "sha512-r3ryHprzDOtAsFuczw+/DKkLR3XexwIlJWnJ+71I9QF7V9scYaV5JZgYDoCUlYtT3ARnOpDcm/hDNZYbWMRHqA=="
    }
  }
}
